
Microsoft Visual Studio Solution File, Format Version 12.00
# Visual Studio Version 17
VisualStudioVersion = 17.6.33723.286
MinimumVisualStudioVersion = 10.0.40219.1
Project("{FAE04EC0-301F-11D3-BF4B-00C04F79EFBC}") = "CurriculumConstructor", "CurriculumConstructor\CurriculumConstructor.csproj", "{1134799D-91C1-4039-822D-3E43CA641C3C}"
EndProject
Global
	GlobalSection(SolutionConfigurationPlatforms) = preSolution
		Debug|Any CPU = Debug|Any CPU
		Release|Any CPU = Release|Any CPU
	EndGlobalSection
	GlobalSection(ProjectConfigurationPlatforms) = postSolution
		{1134799D-91C1-4039-822D-3E43CA641C3C}.Debug|Any CPU.ActiveCfg = Debug|Any CPU
		{1134799D-91C1-4039-822D-3E43CA641C3C}.Debug|Any CPU.Build.0 = Debug|Any CPU
		{1134799D-91C1-4039-822D-3E43CA641C3C}.Release|Any CPU.ActiveCfg = Release|Any CPU
		{1134799D-91C1-4039-822D-3E43CA641C3C}.Release|Any CPU.Build.0 = Release|Any CPU
	EndGlobalSection
	GlobalSection(SolutionProperties) = preSolution
		HideSolutionNode = FALSE
	EndGlobalSection
	GlobalSection(ExtensibilityGlobals) = postSolution
		SolutionGuid = {E51C969E-6DEB-4411-A743-4E21B90A13D6}
	EndGlobalSection
EndGlobal
